
Microsoft Visual Studio Solution File, Format Version 12.00
# Visual Studio Version 16
VisualStudioVersion = 16.0.30711.63
MinimumVisualStudioVersion = 10.0.40219.1
Project("{FAE04EC0-301F-11D3-BF4B-00C04F79EFBC}") = "Solicitud", "Solicitud.csproj", "{BA7AA3EF-5662-4D05-925C-93E2C5F8CEBE}"
EndProject
Global
	GlobalSection(SolutionConfigurationPlatforms) = preSolution
		Debug|Any CPU = Debug|Any CPU
		Release|Any CPU = Release|Any CPU
	EndGlobalSection
	GlobalSection(ProjectConfigurationPlatforms) = postSolution
		{BA7AA3EF-5662-4D05-925C-93E2C5F8CEBE}.Debug|Any CPU.ActiveCfg = Debug|Any CPU
		{BA7AA3EF-5662-4D05-925C-93E2C5F8CEBE}.Debug|Any CPU.Build.0 = Debug|Any CPU
		{BA7AA3EF-5662-4D05-925C-93E2C5F8CEBE}.Release|Any CPU.ActiveCfg = Release|Any CPU
		{BA7AA3EF-5662-4D05-925C-93E2C5F8CEBE}.Release|Any CPU.Build.0 = Release|Any CPU
	EndGlobalSection
	GlobalSection(SolutionProperties) = preSolution
		HideSolutionNode = FALSE
	EndGlobalSection
	GlobalSection(ExtensibilityGlobals) = postSolution
		SolutionGuid = {6E88BD7E-367F-4C13-997B-541ABB5DA5C8}
	EndGlobalSection
EndGlobal
